
Microsoft Visual Studio Solution File, Format Version 12.00
# Visual Studio Express 2012 for Web
Project("{FAE04EC0-301F-11D3-BF4B-00C04F79EFBC}") = "weather.nsu.ru.azure", "weather.nsu.ru.azure\weather.nsu.ru.azure.csproj", "{D1325A40-7729-4262-B8EE-3856112173C5}"
EndProject
Project("{FAE04EC0-301F-11D3-BF4B-00C04F79EFBC}") = "weather.nsu.ru.azure.Tests", "weather.nsu.ru.azure.Tests\weather.nsu.ru.azure.Tests.csproj", "{15E85C3B-D6B4-4FDD-A759-EE2E02A908F6}"
EndProject
Project("{2150E333-8FDC-42A3-9474-1A3956D46DE8}") = ".nuget", ".nuget", "{FD704919-3CB5-45C1-A613-B52BFA3B17DD}"
	ProjectSection(SolutionItems) = preProject
		.nuget\NuGet.Config = .nuget\NuGet.Config
		.nuget\NuGet.exe = .nuget\NuGet.exe
		.nuget\NuGet.targets = .nuget\NuGet.targets
	EndProjectSection
EndProject
Project("{FAE04EC0-301F-11D3-BF4B-00C04F79EFBC}") = "weather.nsu.ru.azure.Data", "weather.nsu.ru.azure.Data\weather.nsu.ru.azure.Data.csproj", "{F246859A-7BCC-4824-9493-BAFA88FC1600}"
EndProject
Project("{FAE04EC0-301F-11D3-BF4B-00C04F79EFBC}") = "weather.nsu.ru.azure.Data.Tests", "weather.nsu.ru.azure.Data.Tests\weather.nsu.ru.azure.Data.Tests.csproj", "{B853F1C6-2791-4A92-ACFA-8BD3D21BEAC8}"
EndProject
Project("{FAE04EC0-301F-11D3-BF4B-00C04F79EFBC}") = "weather.nsu.ru.azure.Common", "weather.nsu.ru.azure.Common\weather.nsu.ru.azure.Common.csproj", "{3794D15B-02FC-4748-BF24-213C6D4A5422}"
EndProject
Project("{2150E333-8FDC-42A3-9474-1A3956D46DE8}") = "Tests", "Tests", "{2AD7872A-A9CC-42BC-84CC-08BEE6A5F2E1}"
EndProject
Project("{FAE04EC0-301F-11D3-BF4B-00C04F79EFBC}") = "weather.nsu.ru.azure.Common.Tests", "weather.nsu.ru.azure.Common.Tests\weather.nsu.ru.azure.Common.Tests.csproj", "{E6F730C7-B8C5-49EB-8744-1973F95C7BAD}"
EndProject
Project("{2150E333-8FDC-42A3-9474-1A3956D46DE8}") = "Services", "Services", "{696B58D6-F857-459B-BDE3-0277FC9EFD3B}"
EndProject
Project("{CC5FD16D-436D-48AD-A40C-5A424C6E3E79}") = "weather.nsu.ru.azure.DataService", "weather.nsu.ru.azure.DataService\weather.nsu.ru.azure.DataService.ccproj", "{BE5D54C9-43D7-457C-BFA8-D3D28D237529}"
EndProject
Project("{FAE04EC0-301F-11D3-BF4B-00C04F79EFBC}") = "weather.nsu.ru.azure.DataPoller", "weather.nsu.ru.azure.DataPoller\weather.nsu.ru.azure.DataPoller.csproj", "{E8A10509-CB83-4BA6-BA0D-FFA96E7EE6E1}"
EndProject
Global
	GlobalSection(SolutionConfigurationPlatforms) = preSolution
		Debug|Any CPU = Debug|Any CPU
		Release|Any CPU = Release|Any CPU
	EndGlobalSection
	GlobalSection(ProjectConfigurationPlatforms) = postSolution
		{D1325A40-7729-4262-B8EE-3856112173C5}.Debug|Any CPU.ActiveCfg = Debug|Any CPU
		{D1325A40-7729-4262-B8EE-3856112173C5}.Debug|Any CPU.Build.0 = Debug|Any CPU
		{D1325A40-7729-4262-B8EE-3856112173C5}.Release|Any CPU.ActiveCfg = Release|Any CPU
		{D1325A40-7729-4262-B8EE-3856112173C5}.Release|Any CPU.Build.0 = Release|Any CPU
		{15E85C3B-D6B4-4FDD-A759-EE2E02A908F6}.Debug|Any CPU.ActiveCfg = Debug|Any CPU
		{15E85C3B-D6B4-4FDD-A759-EE2E02A908F6}.Debug|Any CPU.Build.0 = Debug|Any CPU
		{15E85C3B-D6B4-4FDD-A759-EE2E02A908F6}.Release|Any CPU.ActiveCfg = Release|Any CPU
		{15E85C3B-D6B4-4FDD-A759-EE2E02A908F6}.Release|Any CPU.Build.0 = Release|Any CPU
		{F246859A-7BCC-4824-9493-BAFA88FC1600}.Debug|Any CPU.ActiveCfg = Debug|Any CPU
		{F246859A-7BCC-4824-9493-BAFA88FC1600}.Debug|Any CPU.Build.0 = Debug|Any CPU
		{F246859A-7BCC-4824-9493-BAFA88FC1600}.Release|Any CPU.ActiveCfg = Release|Any CPU
		{F246859A-7BCC-4824-9493-BAFA88FC1600}.Release|Any CPU.Build.0 = Release|Any CPU
		{B853F1C6-2791-4A92-ACFA-8BD3D21BEAC8}.Debug|Any CPU.ActiveCfg = Debug|Any CPU
		{B853F1C6-2791-4A92-ACFA-8BD3D21BEAC8}.Debug|Any CPU.Build.0 = Debug|Any CPU
		{B853F1C6-2791-4A92-ACFA-8BD3D21BEAC8}.Release|Any CPU.ActiveCfg = Release|Any CPU
		{B853F1C6-2791-4A92-ACFA-8BD3D21BEAC8}.Release|Any CPU.Build.0 = Release|Any CPU
		{3794D15B-02FC-4748-BF24-213C6D4A5422}.Debug|Any CPU.ActiveCfg = Debug|Any CPU
		{3794D15B-02FC-4748-BF24-213C6D4A5422}.Debug|Any CPU.Build.0 = Debug|Any CPU
		{3794D15B-02FC-4748-BF24-213C6D4A5422}.Release|Any CPU.ActiveCfg = Release|Any CPU
		{3794D15B-02FC-4748-BF24-213C6D4A5422}.Release|Any CPU.Build.0 = Release|Any CPU
		{E6F730C7-B8C5-49EB-8744-1973F95C7BAD}.Debug|Any CPU.ActiveCfg = Debug|Any CPU
		{E6F730C7-B8C5-49EB-8744-1973F95C7BAD}.Debug|Any CPU.Build.0 = Debug|Any CPU
		{E6F730C7-B8C5-49EB-8744-1973F95C7BAD}.Release|Any CPU.ActiveCfg = Release|Any CPU
		{E6F730C7-B8C5-49EB-8744-1973F95C7BAD}.Release|Any CPU.Build.0 = Release|Any CPU
		{BE5D54C9-43D7-457C-BFA8-D3D28D237529}.Debug|Any CPU.ActiveCfg = Debug|Any CPU
		{BE5D54C9-43D7-457C-BFA8-D3D28D237529}.Debug|Any CPU.Build.0 = Debug|Any CPU
		{BE5D54C9-43D7-457C-BFA8-D3D28D237529}.Release|Any CPU.ActiveCfg = Release|Any CPU
		{BE5D54C9-43D7-457C-BFA8-D3D28D237529}.Release|Any CPU.Build.0 = Release|Any CPU
		{E8A10509-CB83-4BA6-BA0D-FFA96E7EE6E1}.Debug|Any CPU.ActiveCfg = Debug|Any CPU
		{E8A10509-CB83-4BA6-BA0D-FFA96E7EE6E1}.Debug|Any CPU.Build.0 = Debug|Any CPU
		{E8A10509-CB83-4BA6-BA0D-FFA96E7EE6E1}.Release|Any CPU.ActiveCfg = Release|Any CPU
		{E8A10509-CB83-4BA6-BA0D-FFA96E7EE6E1}.Release|Any CPU.Build.0 = Release|Any CPU
	EndGlobalSection
	GlobalSection(SolutionProperties) = preSolution
		HideSolutionNode = FALSE
	EndGlobalSection
	GlobalSection(NestedProjects) = preSolution
		{B853F1C6-2791-4A92-ACFA-8BD3D21BEAC8} = {2AD7872A-A9CC-42BC-84CC-08BEE6A5F2E1}
		{15E85C3B-D6B4-4FDD-A759-EE2E02A908F6} = {2AD7872A-A9CC-42BC-84CC-08BEE6A5F2E1}
		{E6F730C7-B8C5-49EB-8744-1973F95C7BAD} = {2AD7872A-A9CC-42BC-84CC-08BEE6A5F2E1}
		{BE5D54C9-43D7-457C-BFA8-D3D28D237529} = {696B58D6-F857-459B-BDE3-0277FC9EFD3B}
		{E8A10509-CB83-4BA6-BA0D-FFA96E7EE6E1} = {696B58D6-F857-459B-BDE3-0277FC9EFD3B}
	EndGlobalSection
EndGlobal
